// !$*UTF8*$!
{
	archiveVersion = 1;
	classes = {
	};
	objectVersion = 55;
	objects = {

/* Begin PBXBuildFile section */
		0950A54F298BE9BB00838BE0 /* GoogleService-Info.plist in Resources */ = {isa = PBXBuildFile; fileRef = 0950A54E298BE9BB00838BE0 /* GoogleService-Info.plist */; };
		095455E529916ABE00F0C94E /* UserInfo.swift in Sources */ = {isa = PBXBuildFile; fileRef = 095455E429916ABE00F0C94E /* UserInfo.swift */; };
		095455E7299170A000F0C94E /* ForgotPasswordView.swift in Sources */ = {isa = PBXBuildFile; fileRef = 095455E6299170A000F0C94E /* ForgotPasswordView.swift */; };
		095455E92992C84D00F0C94E /* ImagePicker.swift in Sources */ = {isa = PBXBuildFile; fileRef = 095455E82992C84D00F0C94E /* ImagePicker.swift */; };
		096499442938D9880081086D /* CartItemView.swift in Sources */ = {isa = PBXBuildFile; fileRef = 096499432938D9880081086D /* CartItemView.swift */; };
		096499462938DB700081086D /* CartView.swift in Sources */ = {isa = PBXBuildFile; fileRef = 096499452938DB700081086D /* CartView.swift */; };
		0964995629392F930081086D /* Cart.swift in Sources */ = {isa = PBXBuildFile; fileRef = 0964995529392F930081086D /* Cart.swift */; };
		096A8F162992CA4600084DC2 /* SettingsView.swift in Sources */ = {isa = PBXBuildFile; fileRef = 096A8F152992CA4600084DC2 /* SettingsView.swift */; };
		0974A32B2988016A00A6FF41 /* AuthenticationView.swift in Sources */ = {isa = PBXBuildFile; fileRef = 0974A32A2988016A00A6FF41 /* AuthenticationView.swift */; };
		0974A32D298804A300A6FF41 /* LoginView.swift in Sources */ = {isa = PBXBuildFile; fileRef = 0974A32C298804A300A6FF41 /* LoginView.swift */; };
		0974A32F298805DF00A6FF41 /* SignupView.swift in Sources */ = {isa = PBXBuildFile; fileRef = 0974A32E298805DF00A6FF41 /* SignupView.swift */; };
		09D6F8312926B269009F4573 /* New_Wave_StoreApp.swift in Sources */ = {isa = PBXBuildFile; fileRef = 09D6F8302926B269009F4573 /* New_Wave_StoreApp.swift */; };
		09D6F8332926B269009F4573 /* ContentView.swift in Sources */ = {isa = PBXBuildFile; fileRef = 09D6F8322926B269009F4573 /* ContentView.swift */; };
		09D6F8352926B26A009F4573 /* Assets.xcassets in Resources */ = {isa = PBXBuildFile; fileRef = 09D6F8342926B26A009F4573 /* Assets.xcassets */; };
		09D6F8382926B26A009F4573 /* Preview Assets.xcassets in Resources */ = {isa = PBXBuildFile; fileRef = 09D6F8372926B26A009F4573 /* Preview Assets.xcassets */; };
		09D6F83F2927B44A009F4573 /* Product.swift in Sources */ = {isa = PBXBuildFile; fileRef = 09D6F83E2927B44A009F4573 /* Product.swift */; };
		09D6F8412927BE64009F4573 /* ProductList.swift in Sources */ = {isa = PBXBuildFile; fileRef = 09D6F8402927BE64009F4573 /* ProductList.swift */; };
		09D6F8432927C2DA009F4573 /* Constants.swift in Sources */ = {isa = PBXBuildFile; fileRef = 09D6F8422927C2DA009F4573 /* Constants.swift */; };
		09D6F8472927C4BA009F4573 /* ProductListView.swift in Sources */ = {isa = PBXBuildFile; fileRef = 09D6F8462927C4BA009F4573 /* ProductListView.swift */; };
		09D6F8492927F871009F4573 /* HomeView.swift in Sources */ = {isa = PBXBuildFile; fileRef = 09D6F8482927F871009F4573 /* HomeView.swift */; };
		09FA29162934EB6100A68590 /* ProductDetailView.swift in Sources */ = {isa = PBXBuildFile; fileRef = 09FA29152934EB6100A68590 /* ProductDetailView.swift */; };
		A096D43C7509D1FAF3E5A0C7 /* Pods_New_Wave_Store.framework in Frameworks */ = {isa = PBXBuildFile; fileRef = 4217C98DA4433FC1064F233F /* Pods_New_Wave_Store.framework */; };
/* End PBXBuildFile section */

/* Begin PBXFileReference section */
		0950A54E298BE9BB00838BE0 /* GoogleService-Info.plist */ = {isa = PBXFileReference; fileEncoding = 4; lastKnownFileType = text.plist.xml; path = "GoogleService-Info.plist"; sourceTree = "<group>"; };
		095455E429916ABE00F0C94E /* UserInfo.swift */ = {isa = PBXFileReference; lastKnownFileType = sourcecode.swift; path = UserInfo.swift; sourceTree = "<group>"; };
		095455E6299170A000F0C94E /* ForgotPasswordView.swift */ = {isa = PBXFileReference; lastKnownFileType = sourcecode.swift; path = ForgotPasswordView.swift; sourceTree = "<group>"; };
		095455E82992C84D00F0C94E /* ImagePicker.swift */ = {isa = PBXFileReference; fileEncoding = 4; lastKnownFileType = sourcecode.swift; path = ImagePicker.swift; sourceTree = "<group>"; };
		096499432938D9880081086D /* CartItemView.swift */ = {isa = PBXFileReference; lastKnownFileType = sourcecode.swift; path = CartItemView.swift; sourceTree = "<group>"; };
		096499452938DB700081086D /* CartView.swift */ = {isa = PBXFileReference; lastKnownFileType = sourcecode.swift; path = CartView.swift; sourceTree = "<group>"; };
		0964995529392F930081086D /* Cart.swift */ = {isa = PBXFileReference; lastKnownFileType = sourcecode.swift; path = Cart.swift; sourceTree = "<group>"; };
		096A8F152992CA4600084DC2 /* SettingsView.swift */ = {isa = PBXFileReference; lastKnownFileType = sourcecode.swift; path = SettingsView.swift; sourceTree = "<group>"; };
		0974A32A2988016A00A6FF41 /* AuthenticationView.swift */ = {isa = PBXFileReference; lastKnownFileType = sourcecode.swift; path = AuthenticationView.swift; sourceTree = "<group>"; };
		0974A32C298804A300A6FF41 /* LoginView.swift */ = {isa = PBXFileReference; lastKnownFileType = sourcecode.swift; path = LoginView.swift; sourceTree = "<group>"; };
		0974A32E298805DF00A6FF41 /* SignupView.swift */ = {isa = PBXFileReference; lastKnownFileType = sourcecode.swift; path = SignupView.swift; sourceTree = "<group>"; };
		09D6F82D2926B269009F4573 /* New Wave Store.app */ = {isa = PBXFileReference; explicitFileType = wrapper.application; includeInIndex = 0; path = "New Wave Store.app"; sourceTree = BUILT_PRODUCTS_DIR; };
		09D6F8302926B269009F4573 /* New_Wave_StoreApp.swift */ = {isa = PBXFileReference; lastKnownFileType = sourcecode.swift; path = New_Wave_StoreApp.swift; sourceTree = "<group>"; };
		09D6F8322926B269009F4573 /* ContentView.swift */ = {isa = PBXFileReference; lastKnownFileType = sourcecode.swift; path = ContentView.swift; sourceTree = "<group>"; };
		09D6F8342926B26A009F4573 /* Assets.xcassets */ = {isa = PBXFileReference; lastKnownFileType = folder.assetcatalog; path = Assets.xcassets; sourceTree = "<group>"; };
		09D6F8372926B26A009F4573 /* Preview Assets.xcassets */ = {isa = PBXFileReference; lastKnownFileType = folder.assetcatalog; path = "Preview Assets.xcassets"; sourceTree = "<group>"; };
		09D6F83E2927B44A009F4573 /* Product.swift */ = {isa = PBXFileReference; lastKnownFileType = sourcecode.swift; path = Product.swift; sourceTree = "<group>"; };
		09D6F8402927BE64009F4573 /* ProductList.swift */ = {isa = PBXFileReference; lastKnownFileType = sourcecode.swift; path = ProductList.swift; sourceTree = "<group>"; };
		09D6F8422927C2DA009F4573 /* Constants.swift */ = {isa = PBXFileReference; lastKnownFileType = sourcecode.swift; path = Constants.swift; sourceTree = "<group>"; };
		09D6F8462927C4BA009F4573 /* ProductListView.swift */ = {isa = PBXFileReference; lastKnownFileType = sourcecode.swift; path = ProductListView.swift; sourceTree = "<group>"; };
		09D6F8482927F871009F4573 /* HomeView.swift */ = {isa = PBXFileReference; lastKnownFileType = sourcecode.swift; path = HomeView.swift; sourceTree = "<group>"; };
		09FA29152934EB6100A68590 /* ProductDetailView.swift */ = {isa = PBXFileReference; lastKnownFileType = sourcecode.swift; path = ProductDetailView.swift; sourceTree = "<group>"; };
		37ABB2A8AB8FD532F49F7CF8 /* Pods-New Wave Store.release.xcconfig */ = {isa = PBXFileReference; includeInIndex = 1; lastKnownFileType = text.xcconfig; name = "Pods-New Wave Store.release.xcconfig"; path = "Target Support Files/Pods-New Wave Store/Pods-New Wave Store.release.xcconfig"; sourceTree = "<group>"; };
		4217C98DA4433FC1064F233F /* Pods_New_Wave_Store.framework */ = {isa = PBXFileReference; explicitFileType = wrapper.framework; includeInIndex = 0; path = Pods_New_Wave_Store.framework; sourceTree = BUILT_PRODUCTS_DIR; };
		9F0976A478CEF0F0E7258C72 /* Pods-New Wave Store.debug.xcconfig */ = {isa = PBXFileReference; includeInIndex = 1; lastKnownFileType = text.xcconfig; name = "Pods-New Wave Store.debug.xcconfig"; path = "Target Support Files/Pods-New Wave Store/Pods-New Wave Store.debug.xcconfig"; sourceTree = "<group>"; };
/* End PBXFileReference section */

/* Begin PBXFrameworksBuildPhase section */
		09D6F82A2926B269009F4573 /* Frameworks */ = {
			isa = PBXFrameworksBuildPhase;
			buildActionMask = 2147483647;
			files = (
				A096D43C7509D1FAF3E5A0C7 /* Pods_New_Wave_Store.framework in Frameworks */,
			);
			runOnlyForDeploymentPostprocessing = 0;
		};
/* End PBXFrameworksBuildPhase section */

/* Begin PBXGroup section */
		0974A3292988014E00A6FF41 /* Authentication */ = {
			isa = PBXGroup;
			children = (
				0974A32A2988016A00A6FF41 /* AuthenticationView.swift */,
				0974A32C298804A300A6FF41 /* LoginView.swift */,
				0974A32E298805DF00A6FF41 /* SignupView.swift */,
				095455E6299170A000F0C94E /* ForgotPasswordView.swift */,
			);
			path = Authentication;
			sourceTree = "<group>";
		};
		09D6F8242926B269009F4573 = {
			isa = PBXGroup;
			children = (
				09D6F82F2926B269009F4573 /* New Wave Store */,
				09D6F82E2926B269009F4573 /* Products */,
				407D8CEB82D881D1A7F0A1B4 /* Pods */,
				991FDE50EE5CF98A90507AC4 /* Frameworks */,
			);
			sourceTree = "<group>";
		};
		09D6F82E2926B269009F4573 /* Products */ = {
			isa = PBXGroup;
			children = (
				09D6F82D2926B269009F4573 /* New Wave Store.app */,
			);
			name = Products;
			sourceTree = "<group>";
		};
		09D6F82F2926B269009F4573 /* New Wave Store */ = {
			isa = PBXGroup;
			children = (
				0974A3292988014E00A6FF41 /* Authentication */,
				09D6F8452927C4A2009F4573 /* View */,
				09D6F8442927C491009F4573 /* Model */,
				09D6F8302926B269009F4573 /* New_Wave_StoreApp.swift */,
				09D6F8342926B26A009F4573 /* Assets.xcassets */,
				0950A54E298BE9BB00838BE0 /* GoogleService-Info.plist */,
				09D6F8362926B26A009F4573 /* Preview Content */,
			);
			path = "New Wave Store";
			sourceTree = "<group>";
		};
		09D6F8362926B26A009F4573 /* Preview Content */ = {
			isa = PBXGroup;
			children = (
				09D6F8372926B26A009F4573 /* Preview Assets.xcassets */,
			);
			path = "Preview Content";
			sourceTree = "<group>";
		};
		09D6F8442927C491009F4573 /* Model */ = {
			isa = PBXGroup;
			children = (
				09D6F8422927C2DA009F4573 /* Constants.swift */,
				09D6F8402927BE64009F4573 /* ProductList.swift */,
				09D6F83E2927B44A009F4573 /* Product.swift */,
				0964995529392F930081086D /* Cart.swift */,
				095455E429916ABE00F0C94E /* UserInfo.swift */,
			);
			path = Model;
			sourceTree = "<group>";
		};
		09D6F8452927C4A2009F4573 /* View */ = {
			isa = PBXGroup;
			children = (
				09D6F8322926B269009F4573 /* ContentView.swift */,
				09D6F8462927C4BA009F4573 /* ProductListView.swift */,
				09D6F8482927F871009F4573 /* HomeView.swift */,
				09FA29152934EB6100A68590 /* ProductDetailView.swift */,
				096499432938D9880081086D /* CartItemView.swift */,
				095455E82992C84D00F0C94E /* ImagePicker.swift */,
				096499452938DB700081086D /* CartView.swift */,
				096A8F152992CA4600084DC2 /* SettingsView.swift */,
			);
			path = View;
			sourceTree = "<group>";
		};
		407D8CEB82D881D1A7F0A1B4 /* Pods */ = {
			isa = PBXGroup;
			children = (
				9F0976A478CEF0F0E7258C72 /* Pods-New Wave Store.debug.xcconfig */,
				37ABB2A8AB8FD532F49F7CF8 /* Pods-New Wave Store.release.xcconfig */,
			);
			path = Pods;
			sourceTree = "<group>";
		};
		991FDE50EE5CF98A90507AC4 /* Frameworks */ = {
			isa = PBXGroup;
			children = (
				4217C98DA4433FC1064F233F /* Pods_New_Wave_Store.framework */,
			);
			name = Frameworks;
			sourceTree = "<group>";
		};
/* End PBXGroup section */

/* Begin PBXNativeTarget section */
		09D6F82C2926B269009F4573 /* New Wave Store */ = {
			isa = PBXNativeTarget;
			buildConfigurationList = 09D6F83B2926B26A009F4573 /* Build configuration list for PBXNativeTarget "New Wave Store" */;
			buildPhases = (
				7D1257151482AC6156C54006 /* [CP] Check Pods Manifest.lock */,
				09D6F8292926B269009F4573 /* Sources */,
				09D6F82A2926B269009F4573 /* Frameworks */,
				09D6F82B2926B269009F4573 /* Resources */,
				9BB53EE2C891557512E4B03B /* [CP] Embed Pods Frameworks */,
			);
			buildRules = (
			);
			dependencies = (
			);
			name = "New Wave Store";
			productName = "New Wave Store";
			productReference = 09D6F82D2926B269009F4573 /* New Wave Store.app */;
			productType = "com.apple.product-type.application";
		};
/* End PBXNativeTarget section */

/* Begin PBXProject section */
		09D6F8252926B269009F4573 /* Project object */ = {
			isa = PBXProject;
			attributes = {
				BuildIndependentTargetsInParallel = 1;
				LastSwiftUpdateCheck = 1340;
				LastUpgradeCheck = 1340;
				TargetAttributes = {
					09D6F82C2926B269009F4573 = {
						CreatedOnToolsVersion = 13.4.1;
					};
				};
			};
			buildConfigurationList = 09D6F8282926B269009F4573 /* Build configuration list for PBXProject "New Wave Store" */;
			compatibilityVersion = "Xcode 13.0";
			developmentRegion = en;
			hasScannedForEncodings = 0;
			knownRegions = (
				en,
				Base,
			);
			mainGroup = 09D6F8242926B269009F4573;
			productRefGroup = 09D6F82E2926B269009F4573 /* Products */;
			projectDirPath = "";
			projectRoot = "";
			targets = (
				09D6F82C2926B269009F4573 /* New Wave Store */,
			);
		};
/* End PBXProject section */

/* Begin PBXResourcesBuildPhase section */
		09D6F82B2926B269009F4573 /* Resources */ = {
			isa = PBXResourcesBuildPhase;
			buildActionMask = 2147483647;
			files = (
				09D6F8382926B26A009F4573 /* Preview Assets.xcassets in Resources */,
				09D6F8352926B26A009F4573 /* Assets.xcassets in Resources */,
				0950A54F298BE9BB00838BE0 /* GoogleService-Info.plist in Resources */,
			);
			runOnlyForDeploymentPostprocessing = 0;
		};
/* End PBXResourcesBuildPhase section */

/* Begin PBXShellScriptBuildPhase section */
		7D1257151482AC6156C54006 /* [CP] Check Pods Manifest.lock */ = {
			isa = PBXShellScriptBuildPhase;
			buildActionMask = 2147483647;
			files = (
			);
			inputFileListPaths = (
			);
			inputPaths = (
				"${PODS_PODFILE_DIR_PATH}/Podfile.lock",
				"${PODS_ROOT}/Manifest.lock",
			);
			name = "[CP] Check Pods Manifest.lock";
			outputFileListPaths = (
			);
			outputPaths = (
				"$(DERIVED_FILE_DIR)/Pods-New Wave Store-checkManifestLockResult.txt",
			);
			runOnlyForDeploymentPostprocessing = 0;
			shellPath = /bin/sh;
			shellScript = "diff \"${PODS_PODFILE_DIR_PATH}/Podfile.lock\" \"${PODS_ROOT}/Manifest.lock\" > /dev/null\nif [ $? != 0 ] ; then\n    # print error to STDERR\n    echo \"error: The sandbox is not in sync with the Podfile.lock. Run 'pod install' or update your CocoaPods installation.\" >&2\n    exit 1\nfi\n# This output is used by Xcode 'outputs' to avoid re-running this script phase.\necho \"SUCCESS\" > \"${SCRIPT_OUTPUT_FILE_0}\"\n";
			showEnvVarsInLog = 0;
		};
		9BB53EE2C891557512E4B03B /* [CP] Embed Pods Frameworks */ = {
			isa = PBXShellScriptBuildPhase;
			buildActionMask = 2147483647;
			files = (
			);
			inputFileListPaths = (
				"${PODS_ROOT}/Target Support Files/Pods-New Wave Store/Pods-New Wave Store-frameworks-${CONFIGURATION}-input-files.xcfilelist",
			);
			name = "[CP] Embed Pods Frameworks";
			outputFileListPaths = (
				"${PODS_ROOT}/Target Support Files/Pods-New Wave Store/Pods-New Wave Store-frameworks-${CONFIGURATION}-output-files.xcfilelist",
			);
			runOnlyForDeploymentPostprocessing = 0;
			shellPath = /bin/sh;
			shellScript = "\"${PODS_ROOT}/Target Support Files/Pods-New Wave Store/Pods-New Wave Store-frameworks.sh\"\n";
			showEnvVarsInLog = 0;
		};
/* End PBXShellScriptBuildPhase section */

/* Begin PBXSourcesBuildPhase section */
		09D6F8292926B269009F4573 /* Sources */ = {
			isa = PBXSourcesBuildPhase;
			buildActionMask = 2147483647;
			files = (
				0974A32F298805DF00A6FF41 /* SignupView.swift in Sources */,
				096499462938DB700081086D /* CartView.swift in Sources */,
				095455E7299170A000F0C94E /* ForgotPasswordView.swift in Sources */,
				096A8F162992CA4600084DC2 /* SettingsView.swift in Sources */,
				095455E92992C84D00F0C94E /* ImagePicker.swift in Sources */,
				09D6F8472927C4BA009F4573 /* ProductListView.swift in Sources */,
				0974A32B2988016A00A6FF41 /* AuthenticationView.swift in Sources */,
				09FA29162934EB6100A68590 /* ProductDetailView.swift in Sources */,
				09D6F8492927F871009F4573 /* HomeView.swift in Sources */,
				0964995629392F930081086D /* Cart.swift in Sources */,
				09D6F8432927C2DA009F4573 /* Constants.swift in Sources */,
				09D6F8332926B269009F4573 /* ContentView.swift in Sources */,
				09D6F8412927BE64009F4573 /* ProductList.swift in Sources */,
				096499442938D9880081086D /* CartItemView.swift in Sources */,
				0974A32D298804A300A6FF41 /* LoginView.swift in Sources */,
				09D6F8312926B269009F4573 /* New_Wave_StoreApp.swift in Sources */,
				095455E529916ABE00F0C94E /* UserInfo.swift in Sources */,
				09D6F83F2927B44A009F4573 /* Product.swift in Sources */,
			);
			runOnlyForDeploymentPostprocessing = 0;
		};
/* End PBXSourcesBuildPhase section */

/* Begin XCBuildConfiguration section */
		09D6F8392926B26A009F4573 /* Debug */ = {
			isa = XCBuildConfiguration;
			buildSettings = {
				ALWAYS_SEARCH_USER_PATHS = NO;
				CLANG_ANALYZER_NONNULL = YES;
				CLANG_ANALYZER_NUMBER_OBJECT_CONVERSION = YES_AGGRESSIVE;
				CLANG_CXX_LANGUAGE_STANDARD = "gnu++17";
				CLANG_ENABLE_MODULES = YES;
				CLANG_ENABLE_OBJC_ARC = YES;
				CLANG_ENABLE_OBJC_WEAK = YES;
				CLANG_WARN_BLOCK_CAPTURE_AUTORELEASING = YES;
				CLANG_WARN_BOOL_CONVERSION = YES;
				CLANG_WARN_COMMA = YES;
				CLANG_WARN_CONSTANT_CONVERSION = YES;
				CLANG_WARN_DEPRECATED_OBJC_IMPLEMENTATIONS = YES;
				CLANG_WARN_DIRECT_OBJC_ISA_USAGE = YES_ERROR;
				CLANG_WARN_DOCUMENTATION_COMMENTS = YES;
				CLANG_WARN_EMPTY_BODY = YES;
				CLANG_WARN_ENUM_CONVERSION = YES;
				CLANG_WARN_INFINITE_RECURSION = YES;
				CLANG_WARN_INT_CONVERSION = YES;
				CLANG_WARN_NON_LITERAL_NULL_CONVERSION = YES;
				CLANG_WARN_OBJC_IMPLICIT_RETAIN_SELF = YES;
				CLANG_WARN_OBJC_LITERAL_CONVERSION = YES;
				CLANG_WARN_OBJC_ROOT_CLASS = YES_ERROR;
				CLANG_WARN_QUOTED_INCLUDE_IN_FRAMEWORK_HEADER = YES;
				CLANG_WARN_RANGE_LOOP_ANALYSIS = YES;
				CLANG_WARN_STRICT_PROTOTYPES = YES;
				CLANG_WARN_SUSPICIOUS_MOVE = YES;
				CLANG_WARN_UNGUARDED_AVAILABILITY = YES_AGGRESSIVE;
				CLANG_WARN_UNREACHABLE_CODE = YES;
				CLANG_WARN__DUPLICATE_METHOD_MATCH = YES;
				COPY_PHASE_STRIP = NO;
				DEBUG_INFORMATION_FORMAT = dwarf;
				ENABLE_STRICT_OBJC_MSGSEND = YES;
				ENABLE_TESTABILITY = YES;
				GCC_C_LANGUAGE_STANDARD = gnu11;
				GCC_DYNAMIC_NO_PIC = NO;
				GCC_NO_COMMON_BLOCKS = YES;
				GCC_OPTIMIZATION_LEVEL = 0;
				GCC_PREPROCESSOR_DEFINITIONS = (
					"DEBUG=1",
					"$(inherited)",
				);
				GCC_WARN_64_TO_32_BIT_CONVERSION = YES;
				GCC_WARN_ABOUT_RETURN_TYPE = YES_ERROR;
				GCC_WARN_UNDECLARED_SELECTOR = YES;
				GCC_WARN_UNINITIALIZED_AUTOS = YES_AGGRESSIVE;
				GCC_WARN_UNUSED_FUNCTION = YES;
				GCC_WARN_UNUSED_VARIABLE = YES;
				IPHONEOS_DEPLOYMENT_TARGET = 15.5;
				MTL_ENABLE_DEBUG_INFO = INCLUDE_SOURCE;
				MTL_FAST_MATH = YES;
				ONLY_ACTIVE_ARCH = YES;
				SDKROOT = iphoneos;
				SWIFT_ACTIVE_COMPILATION_CONDITIONS = DEBUG;
				SWIFT_OPTIMIZATION_LEVEL = "-Onone";
			};
			name = Debug;
		};
		09D6F83A2926B26A009F4573 /* Release */ = {
			isa = XCBuildConfiguration;
			buildSettings = {
				ALWAYS_SEARCH_USER_PATHS = NO;
				CLANG_ANALYZER_NONNULL = YES;
				CLANG_ANALYZER_NUMBER_OBJECT_CONVERSION = YES_AGGRESSIVE;
				CLANG_CXX_LANGUAGE_STANDARD = "gnu++17";
				CLANG_ENABLE_MODULES = YES;
				CLANG_ENABLE_OBJC_ARC = YES;
				CLANG_ENABLE_OBJC_WEAK = YES;
				CLANG_WARN_BLOCK_CAPTURE_AUTORELEASING = YES;
				CLANG_WARN_BOOL_CONVERSION = YES;
				CLANG_WARN_COMMA = YES;
				CLANG_WARN_CONSTANT_CONVERSION = YES;
				CLANG_WARN_DEPRECATED_OBJC_IMPLEMENTATIONS = YES;
				CLANG_WARN_DIRECT_OBJC_ISA_USAGE = YES_ERROR;
				CLANG_WARN_DOCUMENTATION_COMMENTS = YES;
				CLANG_WARN_EMPTY_BODY = YES;
				CLANG_WARN_ENUM_CONVERSION = YES;
				CLANG_WARN_INFINITE_RECURSION = YES;
				CLANG_WARN_INT_CONVERSION = YES;
				CLANG_WARN_NON_LITERAL_NULL_CONVERSION = YES;
				CLANG_WARN_OBJC_IMPLICIT_RETAIN_SELF = YES;
				CLANG_WARN_OBJC_LITERAL_CONVERSION = YES;
				CLANG_WARN_OBJC_ROOT_CLASS = YES_ERROR;
				CLANG_WARN_QUOTED_INCLUDE_IN_FRAMEWORK_HEADER = YES;
				CLANG_WARN_RANGE_LOOP_ANALYSIS = YES;
				CLANG_WARN_STRICT_PROTOTYPES = YES;
				CLANG_WARN_SUSPICIOUS_MOVE = YES;
				CLANG_WARN_UNGUARDED_AVAILABILITY = YES_AGGRESSIVE;
				CLANG_WARN_UNREACHABLE_CODE = YES;
				CLANG_WARN__DUPLICATE_METHOD_MATCH = YES;
				COPY_PHASE_STRIP = NO;
				DEBUG_INFORMATION_FORMAT = "dwarf-with-dsym";
				ENABLE_NS_ASSERTIONS = NO;
				ENABLE_STRICT_OBJC_MSGSEND = YES;
				GCC_C_LANGUAGE_STANDARD = gnu11;
				GCC_NO_COMMON_BLOCKS = YES;
				GCC_WARN_64_TO_32_BIT_CONVERSION = YES;
				GCC_WARN_ABOUT_RETURN_TYPE = YES_ERROR;
				GCC_WARN_UNDECLARED_SELECTOR = YES;
				GCC_WARN_UNINITIALIZED_AUTOS = YES_AGGRESSIVE;
				GCC_WARN_UNUSED_FUNCTION = YES;
				GCC_WARN_UNUSED_VARIABLE = YES;
				IPHONEOS_DEPLOYMENT_TARGET = 15.5;
				MTL_ENABLE_DEBUG_INFO = NO;
				MTL_FAST_MATH = YES;
				SDKROOT = iphoneos;
				SWIFT_COMPILATION_MODE = wholemodule;
				SWIFT_OPTIMIZATION_LEVEL = "-O";
				VALIDATE_PRODUCT = YES;
			};
			name = Release;
		};
		09D6F83C2926B26A009F4573 /* Debug */ = {
			isa = XCBuildConfiguration;
			baseConfigurationReference = 9F0976A478CEF0F0E7258C72 /* Pods-New Wave Store.debug.xcconfig */;
			buildSettings = {
				ASSETCATALOG_COMPILER_APPICON_NAME = AppIcon;
				ASSETCATALOG_COMPILER_GLOBAL_ACCENT_COLOR_NAME = AccentColor;
				CODE_SIGN_STYLE = Automatic;
				CURRENT_PROJECT_VERSION = 1;
				DEVELOPMENT_ASSET_PATHS = "\"New Wave Store/Preview Content\"";
				DEVELOPMENT_TEAM = U7D887R932;
				ENABLE_PREVIEWS = YES;
				GENERATE_INFOPLIST_FILE = YES;
				INFOPLIST_KEY_UIApplicationSceneManifest_Generation = YES;
				INFOPLIST_KEY_UIApplicationSupportsIndirectInputEvents = YES;
				INFOPLIST_KEY_UILaunchScreen_Generation = YES;
				INFOPLIST_KEY_UISupportedInterfaceOrientations_iPad = "UIInterfaceOrientationPortrait UIInterfaceOrientationPortraitUpsideDown UIInterfaceOrientationLandscapeLeft UIInterfaceOrientationLandscapeRight";
				INFOPLIST_KEY_UISupportedInterfaceOrientations_iPhone = "UIInterfaceOrientationPortrait UIInterfaceOrientationLandscapeLeft UIInterfaceOrientationLandscapeRight";
				LD_RUNPATH_SEARCH_PATHS = (
					"$(inherited)",
					"@executable_path/Frameworks",
				);
				MARKETING_VERSION = 1.0;
				PRODUCT_BUNDLE_IDENTIFIER = "NewWaveComputers.New-Wave-Store";
				PRODUCT_NAME = "$(TARGET_NAME)";
				SWIFT_EMIT_LOC_STRINGS = YES;
				SWIFT_VERSION = 5.0;
				TARGETED_DEVICE_FAMILY = "1,2";
			};
			name = Debug;
		};
		09D6F83D2926B26A009F4573 /* Release */ = {
			isa = XCBuildConfiguration;
			baseConfigurationReference = 37ABB2A8AB8FD532F49F7CF8 /* Pods-New Wave Store.release.xcconfig */;
			buildSettings = {
				ASSETCATALOG_COMPILER_APPICON_NAME = AppIcon;
				ASSETCATALOG_COMPILER_GLOBAL_ACCENT_COLOR_NAME = AccentColor;
				CODE_SIGN_STYLE = Automatic;
				CURRENT_PROJECT_VERSION = 1;
				DEVELOPMENT_ASSET_PATHS = "\"New Wave Store/Preview Content\"";
				DEVELOPMENT_TEAM = U7D887R932;
				ENABLE_PREVIEWS = YES;
				GENERATE_INFOPLIST_FILE = YES;
				INFOPLIST_KEY_UIApplicationSceneManifest_Generation = YES;
				INFOPLIST_KEY_UIApplicationSupportsIndirectInputEvents = YES;
				INFOPLIST_KEY_UILaunchScreen_Generation = YES;
				INFOPLIST_KEY_UISupportedInterfaceOrientations_iPad = "UIInterfaceOrientationPortrait UIInterfaceOrientationPortraitUpsideDown UIInterfaceOrientationLandscapeLeft UIInterfaceOrientationLandscapeRight";
				INFOPLIST_KEY_UISupportedInterfaceOrientations_iPhone = "UIInterfaceOrientationPortrait UIInterfaceOrientationLandscapeLeft UIInterfaceOrientationLandscapeRight";
				LD_RUNPATH_SEARCH_PATHS = (
					"$(inherited)",
					"@executable_path/Frameworks",
				);
				MARKETING_VERSION = 1.0;
				PRODUCT_BUNDLE_IDENTIFIER = "NewWaveComputers.New-Wave-Store";
				PRODUCT_NAME = "$(TARGET_NAME)";
				SWIFT_EMIT_LOC_STRINGS = YES;
				SWIFT_VERSION = 5.0;
				TARGETED_DEVICE_FAMILY = "1,2";
			};
			name = Release;
		};
/* End XCBuildConfiguration section */

/* Begin XCConfigurationList section */
		09D6F8282926B269009F4573 /* Build configuration list for PBXProject "New Wave Store" */ = {
			isa = XCConfigurationList;
			buildConfigurations = (
				09D6F8392926B26A009F4573 /* Debug */,
				09D6F83A2926B26A009F4573 /* Release */,
			);
			defaultConfigurationIsVisible = 0;
			defaultConfigurationName = Release;
		};
		09D6F83B2926B26A009F4573 /* Build configuration list for PBXNativeTarget "New Wave Store" */ = {
			isa = XCConfigurationList;
			buildConfigurations = (
				09D6F83C2926B26A009F4573 /* Debug */,
				09D6F83D2926B26A009F4573 /* Release */,
			);
			defaultConfigurationIsVisible = 0;
			defaultConfigurationName = Release;
		};
/* End XCConfigurationList section */
	};
	rootObject = 09D6F8252926B269009F4573 /* Project object */;
}
